{
  "name": "intensionstorageserver",
  "version": "0.0.1",
  "lockfileVersion": 1,
  "requires": true,
  "dependencies": {
    "intension-storage": {
      "version": "0.0.6",
      "resolved": "https://registry.npmjs.org/intension-storage/-/intension-storage-0.0.6.tgz",
      "integrity": "sha512-tVPdSonLFLVW/e/I78su3l4YF1ffF7aifuRwWxrnba7ukgm7OTAMebPkvxwlv05zgryZylQGWTzfqg7GQO5ejQ=="
    }
  }
}
